{
  "version": 4,
  "terraform_version": "1.10.3",
  "serial": 27,
  "lineage": "d2743fde-058e-dae0-f8bf-1c8cbb35c221",
  "outputs": {},
  "resources": [
    {
      "mode": "data",
      "type": "aws_caller_identity",
      "name": "current",
      "provider": "provider[\"registry.terraform.io/hashicorp/aws\"]",
      "instances": [
        {
          "schema_version": 0,
          "attributes": {
            "account_id": "340752832494",
            "arn": "arn:aws:iam::340752832494:user/opstree_POC",
            "id": "340752832494",
            "user_id": "AIDAU6VTTS7XOBWP2JDNK"
          },
          "sensitive_attributes": []
        }
      ]
    },
    {
      "mode": "data",
      "type": "aws_region",
      "name": "current",
      "provider": "provider[\"registry.terraform.io/hashicorp/aws\"]",
      "instances": [
        {
          "schema_version": 0,
          "attributes": {
            "description": "Asia Pacific (Mumbai)",
            "endpoint": "ec2.ap-south-1.amazonaws.com",
            "id": "ap-south-1",
            "name": "ap-south-1"
          },
          "sensitive_attributes": []
        }
      ]
    },
    {
      "module": "module.assume_role",
      "mode": "managed",
      "type": "aws_iam_policy",
      "name": "policies",
      "provider": "provider[\"registry.terraform.io/hashicorp/aws\"]",
      "instances": [
        {
          "index_key": "ec2-access",
          "schema_version": 0,
          "attributes": {
            "arn": "arn:aws:iam::340752832494:policy/d-ot-bp-ec2-access-policy-n6yt",
            "attachment_count": 0,
            "description": "Grants full access to EC2 resources",
            "id": "arn:aws:iam::340752832494:policy/d-ot-bp-ec2-access-policy-n6yt",
            "name": "d-ot-bp-ec2-access-policy-n6yt",
            "name_prefix": "",
            "path": "/",
            "policy": "{\"Statement\":[{\"Action\":\"ec2:*\",\"Effect\":\"Allow\",\"Resource\":\"*\"},{\"Action\":\"elasticloadbalancing:*\",\"Effect\":\"Allow\",\"Resource\":\"*\"},{\"Action\":\"cloudwatch:*\",\"Effect\":\"Allow\",\"Resource\":\"*\"},{\"Action\":\"autoscaling:*\",\"Effect\":\"Allow\",\"Resource\":\"*\"},{\"Action\":\"iam:CreateServiceLinkedRole\",\"Condition\":{\"StringEquals\":{\"iam:AWSServiceName\":[\"autoscaling.amazonaws.com\",\"ec2scheduled.amazonaws.com\",\"elasticloadbalancing.amazonaws.com\",\"spot.amazonaws.com\",\"spotfleet.amazonaws.com\",\"transitgateway.amazonaws.com\"]}},\"Effect\":\"Allow\",\"Resource\":\"*\"}],\"Version\":\"2012-10-17\"}",
            "policy_id": "ANPAU6VTTS7XATOPDOT63",
            "tags": {
              "Name": "d-ot-bp-ec2-access-policy-n6yt",
              "app": "bp",
              "bu": "ot",
              "env": "d",
              "program": "edcil",
              "region": "ap-south-1",
              "team": "lspl"
            },
            "tags_all": {
              "Name": "d-ot-bp-ec2-access-policy-n6yt",
              "app": "bp",
              "bu": "ot",
              "env": "d",
              "program": "edcil",
              "region": "ap-south-1",
              "team": "lspl"
            }
          },
          "sensitive_attributes": [],
          "private": "bnVsbA==",
          "dependencies": [
            "data.aws_caller_identity.current",
            "data.aws_region.current",
            "module.assume_role.module.name_iam_policy.random_string.random_digits"
          ]
        }
      ]
    },
    {
      "module": "module.assume_role",
      "mode": "managed",
      "type": "aws_iam_role",
      "name": "roles",
      "provider": "provider[\"registry.terraform.io/hashicorp/aws\"]",
      "instances": [
        {
          "index_key": "bp-ec2",
          "schema_version": 0,
          "attributes": {
            "arn": "arn:aws:iam::340752832494:role/d-ot-bp-role-bp-ec2-mcnn",
            "assume_role_policy": "{\"Statement\":[{\"Action\":\"sts:AssumeRole\",\"Condition\":{},\"Effect\":\"Allow\",\"Principal\":{\"AWS\":\"arn:aws:iam::340752832494:role/BP_adminIAMrole\"}}],\"Version\":\"2012-10-17\"}",
            "create_date": "2024-12-31T10:58:56Z",
            "description": "Allow BuildPiper to access EC2 resources",
            "force_detach_policies": false,
            "id": "d-ot-bp-role-bp-ec2-mcnn",
            "inline_policy": [],
            "managed_policy_arns": [],
            "max_session_duration": 3600,
            "name": "d-ot-bp-role-bp-ec2-mcnn",
            "name_prefix": "",
            "path": "/",
            "permissions_boundary": "",
            "tags": {
              "Name": "d-ot-bp-role-bp-ec2-mcnn",
              "app": "bp",
              "bu": "ot",
              "env": "d",
              "program": "edcil",
              "region": "ap-south-1",
              "team": "lspl"
            },
            "tags_all": {
              "Name": "d-ot-bp-role-bp-ec2-mcnn",
              "app": "bp",
              "bu": "ot",
              "env": "d",
              "program": "edcil",
              "region": "ap-south-1",
              "team": "lspl"
            },
            "unique_id": "AROAU6VTTS7XH7MYG5OA5"
          },
          "sensitive_attributes": [],
          "private": "bnVsbA==",
          "dependencies": [
            "module.assume_role.module.name_iam_role.random_string.random_digits"
          ]
        }
      ]
    },
    {
      "module": "module.assume_role",
      "mode": "managed",
      "type": "aws_iam_role_policy_attachment",
      "name": "policy_arn_attachments",
      "provider": "provider[\"registry.terraform.io/hashicorp/aws\"]",
      "instances": [
        {
          "index_key": "bp-ec2:arn:aws:iam::aws:policy/AdministratorAccess",
          "schema_version": 0,
          "attributes": {
            "id": "d-ot-bp-role-bp-ec2-mcnn-20241231105857879100000002",
            "policy_arn": "arn:aws:iam::aws:policy/AdministratorAccess",
            "role": "d-ot-bp-role-bp-ec2-mcnn"
          },
          "sensitive_attributes": [],
          "private": "bnVsbA==",
          "dependencies": [
            "module.assume_role.aws_iam_role.roles",
            "module.assume_role.module.name_iam_role.random_string.random_digits"
          ]
        }
      ]
    },
    {
      "module": "module.assume_role",
      "mode": "managed",
      "type": "aws_iam_role_policy_attachment",
      "name": "policy_attachments",
      "provider": "provider[\"registry.terraform.io/hashicorp/aws\"]",
      "instances": [
        {
          "index_key": "bp-ec2:ec2-access",
          "schema_version": 0,
          "attributes": {
            "id": "d-ot-bp-role-bp-ec2-mcnn-20241231105857874700000001",
            "policy_arn": "arn:aws:iam::340752832494:policy/d-ot-bp-ec2-access-policy-n6yt",
            "role": "d-ot-bp-role-bp-ec2-mcnn"
          },
          "sensitive_attributes": [],
          "private": "bnVsbA==",
          "dependencies": [
            "data.aws_caller_identity.current",
            "data.aws_region.current",
            "module.assume_role.aws_iam_policy.policies",
            "module.assume_role.aws_iam_role.roles",
            "module.assume_role.module.name_iam_policy.random_string.random_digits",
            "module.assume_role.module.name_iam_role.random_string.random_digits"
          ]
        }
      ]
    },
    {
      "module": "module.assume_role.module.name_iam_policy[\"ec2-access\"]",
      "mode": "managed",
      "type": "random_string",
      "name": "random_digits",
      "provider": "provider[\"registry.terraform.io/hashicorp/random\"]",
      "instances": [
        {
          "index_key": 0,
          "schema_version": 2,
          "attributes": {
            "id": "n6yt",
            "keepers": null,
            "length": 4,
            "lower": true,
            "min_lower": 0,
            "min_numeric": 0,
            "min_special": 0,
            "min_upper": 0,
            "number": true,
            "numeric": true,
            "override_special": null,
            "result": "n6yt",
            "special": false,
            "upper": false
          },
          "sensitive_attributes": [],
          "dependencies": [
            "data.aws_caller_identity.current",
            "data.aws_region.current"
          ]
        }
      ]
    },
    {
      "module": "module.assume_role.module.name_iam_role[\"bp-ec2\"]",
      "mode": "managed",
      "type": "random_string",
      "name": "random_digits",
      "provider": "provider[\"registry.terraform.io/hashicorp/random\"]",
      "instances": [
        {
          "index_key": 0,
          "schema_version": 2,
          "attributes": {
            "id": "mcnn",
            "keepers": null,
            "length": 4,
            "lower": true,
            "min_lower": 0,
            "min_numeric": 0,
            "min_special": 0,
            "min_upper": 0,
            "number": true,
            "numeric": true,
            "override_special": null,
            "result": "mcnn",
            "special": false,
            "upper": false
          },
          "sensitive_attributes": []
        }
      ]
    }
  ],
  "check_results": [
    {
      "object_kind": "var",
      "config_addr": "module.assume_role.module.name_iam_role_policy.var.bu",
      "status": "pass",
      "objects": null
    },
    {
      "object_kind": "var",
      "config_addr": "module.assume_role.module.name_iam_role_policy.var.env",
      "status": "pass",
      "objects": null
    },
    {
      "object_kind": "var",
      "config_addr": "module.assume_role.module.name_iam_role_policy.var.random_alphanumeric_len",
      "status": "pass",
      "objects": null
    },
    {
      "object_kind": "var",
      "config_addr": "module.assume_role.module.name_iam_role.var.env",
      "status": "pass",
      "objects": [
        {
          "object_addr": "module.assume_role.module.name_iam_role[\"bp-ec2\"].var.env",
          "status": "pass"
        }
      ]
    },
    {
      "object_kind": "var",
      "config_addr": "module.assume_role.module.name_iam_role.var.tenant",
      "status": "pass",
      "objects": [
        {
          "object_addr": "module.assume_role.module.name_iam_role[\"bp-ec2\"].var.tenant",
          "status": "pass"
        }
      ]
    },
    {
      "object_kind": "var",
      "config_addr": "module.standard_tags.var.bu",
      "status": "pass",
      "objects": [
        {
          "object_addr": "module.standard_tags.var.bu",
          "status": "pass"
        }
      ]
    },
    {
      "object_kind": "var",
      "config_addr": "module.assume_role.module.name_iam_policy.var.app",
      "status": "pass",
      "objects": [
        {
          "object_addr": "module.assume_role.module.name_iam_policy[\"ec2-access\"].var.app",
          "status": "pass"
        }
      ]
    },
    {
      "object_kind": "var",
      "config_addr": "module.assume_role.module.name_iam_role_policy.var.app",
      "status": "pass",
      "objects": null
    },
    {
      "object_kind": "var",
      "config_addr": "module.assume_role.module.name_iam_policy.var.env",
      "status": "pass",
      "objects": [
        {
          "object_addr": "module.assume_role.module.name_iam_policy[\"ec2-access\"].var.env",
          "status": "pass"
        }
      ]
    },
    {
      "object_kind": "var",
      "config_addr": "module.standard_tags.var.app",
      "status": "pass",
      "objects": [
        {
          "object_addr": "module.standard_tags.var.app",
          "status": "pass"
        }
      ]
    },
    {
      "object_kind": "var",
      "config_addr": "module.assume_role.module.name_iam_policy.var.tenant",
      "status": "pass",
      "objects": [
        {
          "object_addr": "module.assume_role.module.name_iam_policy[\"ec2-access\"].var.tenant",
          "status": "pass"
        }
      ]
    },
    {
      "object_kind": "var",
      "config_addr": "module.assume_role.module.name_iam_role.var.random_alphanumeric_len",
      "status": "pass",
      "objects": [
        {
          "object_addr": "module.assume_role.module.name_iam_role[\"bp-ec2\"].var.random_alphanumeric_len",
          "status": "pass"
        }
      ]
    },
    {
      "object_kind": "var",
      "config_addr": "module.assume_role.module.name_iam_policy.var.bu",
      "status": "pass",
      "objects": [
        {
          "object_addr": "module.assume_role.module.name_iam_policy[\"ec2-access\"].var.bu",
          "status": "pass"
        }
      ]
    },
    {
      "object_kind": "var",
      "config_addr": "module.assume_role.module.name_iam_role.var.app",
      "status": "pass",
      "objects": [
        {
          "object_addr": "module.assume_role.module.name_iam_role[\"bp-ec2\"].var.app",
          "status": "pass"
        }
      ]
    },
    {
      "object_kind": "var",
      "config_addr": "module.standard_tags.var.env",
      "status": "pass",
      "objects": [
        {
          "object_addr": "module.standard_tags.var.env",
          "status": "pass"
        }
      ]
    },
    {
      "object_kind": "var",
      "config_addr": "module.assume_role.module.name_iam_role_policy.var.tenant",
      "status": "pass",
      "objects": null
    },
    {
      "object_kind": "var",
      "config_addr": "module.assume_role.module.name_iam_policy.var.random_alphanumeric_len",
      "status": "pass",
      "objects": [
        {
          "object_addr": "module.assume_role.module.name_iam_policy[\"ec2-access\"].var.random_alphanumeric_len",
          "status": "pass"
        }
      ]
    },
    {
      "object_kind": "var",
      "config_addr": "module.assume_role.module.name_iam_role.var.bu",
      "status": "pass",
      "objects": [
        {
          "object_addr": "module.assume_role.module.name_iam_role[\"bp-ec2\"].var.bu",
          "status": "pass"
        }
      ]
    }
  ]
}
